
Microsoft Visual Studio Solution File, Format Version 12.00
# Visual Studio 2012
Project("{FAE04EC0-301F-11D3-BF4B-00C04F79EFBC}") = "Abenity.Api", "Abenity.Api\Abenity.Api.csproj", "{BE46A251-DBF7-4870-ABD2-E0C6281A9444}"
EndProject
Global
	GlobalSection(SolutionConfigurationPlatforms) = preSolution
		Debug|Any CPU = Debug|Any CPU
		Release|Any CPU = Release|Any CPU
	EndGlobalSection
	GlobalSection(ProjectConfigurationPlatforms) = postSolution
		{BE46A251-DBF7-4870-ABD2-E0C6281A9444}.Debug|Any CPU.ActiveCfg = Debug|Any CPU
		{BE46A251-DBF7-4870-ABD2-E0C6281A9444}.Debug|Any CPU.Build.0 = Debug|Any CPU
		{BE46A251-DBF7-4870-ABD2-E0C6281A9444}.Release|Any CPU.ActiveCfg = Release|Any CPU
		{BE46A251-DBF7-4870-ABD2-E0C6281A9444}.Release|Any CPU.Build.0 = Release|Any CPU
	EndGlobalSection
	GlobalSection(SolutionProperties) = preSolution
		HideSolutionNode = FALSE
	EndGlobalSection
EndGlobal
